// !$*UTF8*$!
{
	archiveVersion = 1;
	classes = {
	};
	objectVersion = 56;
	objects = {

/* Begin PBXBuildFile section */
		0D0C30E42ABB214300578893 /* TutorialSanitation.swift in Sources */ = {isa = PBXBuildFile; fileRef = 0D0C30E32ABB214300578893 /* TutorialSanitation.swift */; };
		0D0C30E62ABB28C400578893 /* SnapCarousel.swift in Sources */ = {isa = PBXBuildFile; fileRef = 0D0C30E52ABB28C400578893 /* SnapCarousel.swift */; };
		0D0C30E82ABB2F7E00578893 /* Post.swift in Sources */ = {isa = PBXBuildFile; fileRef = 0D0C30E72ABB2F7E00578893 /* Post.swift */; };
		0DDBAD0A2ABC753B00C1EFFD /* Preview Assets.xcassets in Resources */ = {isa = PBXBuildFile; fileRef = 0DDBAD092ABC753B00C1EFFD /* Preview Assets.xcassets */; };
		0DDBAD0D2ABC776200C1EFFD /* Assets.xcassets in Resources */ = {isa = PBXBuildFile; fileRef = 0DDBAD0C2ABC776200C1EFFD /* Assets.xcassets */; };
		0DDBAD0F2ABC84C800C1EFFD /* TutorialCollect.swift in Sources */ = {isa = PBXBuildFile; fileRef = 0DDBAD0E2ABC84C800C1EFFD /* TutorialCollect.swift */; };
		0DDBAD112ABC883000C1EFFD /* TutorialStorege.swift in Sources */ = {isa = PBXBuildFile; fileRef = 0DDBAD102ABC883000C1EFFD /* TutorialStorege.swift */; };
		0DDD5FB12AAF5D3000450176 /* TutorialView.swift in Sources */ = {isa = PBXBuildFile; fileRef = 0DDD5FB02AAF5D3000450176 /* TutorialView.swift */; };
		0DDD5FB32AB07FD300450176 /* MenuButtonView.swift in Sources */ = {isa = PBXBuildFile; fileRef = 0DDD5FB22AB07FD300450176 /* MenuButtonView.swift */; };
		49507FEA2AAF49470002CB6A /* DeleiteApp.swift in Sources */ = {isa = PBXBuildFile; fileRef = 49507FE92AAF49470002CB6A /* DeleiteApp.swift */; };
		49507FEC2AAF49470002CB6A /* ContentView.swift in Sources */ = {isa = PBXBuildFile; fileRef = 49507FEB2AAF49470002CB6A /* ContentView.swift */; };
		49507FFB2AAF49480002CB6A /* DeleiteTests.swift in Sources */ = {isa = PBXBuildFile; fileRef = 49507FFA2AAF49480002CB6A /* DeleiteTests.swift */; };
		495080052AAF49480002CB6A /* DeleiteUITests.swift in Sources */ = {isa = PBXBuildFile; fileRef = 495080042AAF49480002CB6A /* DeleiteUITests.swift */; };
		495080072AAF49480002CB6A /* DeleiteUITestsLaunchTests.swift in Sources */ = {isa = PBXBuildFile; fileRef = 495080062AAF49480002CB6A /* DeleiteUITestsLaunchTests.swift */; };
		496D7CD02ABDD87100F6FE75 /* AlertView.swift in Sources */ = {isa = PBXBuildFile; fileRef = 496D7CCF2ABDD87100F6FE75 /* AlertView.swift */; };
		49727BE82AB0A43E00C6417A /* SchedulingView.swift in Sources */ = {isa = PBXBuildFile; fileRef = 49727BE72AB0A43E00C6417A /* SchedulingView.swift */; };
		49727BEC2AB0A88A00C6417A /* QuestionsView.swift in Sources */ = {isa = PBXBuildFile; fileRef = 49727BEB2AB0A88A00C6417A /* QuestionsView.swift */; };
		49F5CB2A2AB88F4A00A35878 /* WebView.swift in Sources */ = {isa = PBXBuildFile; fileRef = 49F5CB292AB88F4A00A35878 /* WebView.swift */; };
		49F5CB2C2AB8C90E00A35878 /* HomeButton.swift in Sources */ = {isa = PBXBuildFile; fileRef = 49F5CB2B2AB8C90E00A35878 /* HomeButton.swift */; };
		49F5CB2E2AB8CAF800A35878 /* HomescreenView.swift in Sources */ = {isa = PBXBuildFile; fileRef = 49F5CB2D2AB8CAF800A35878 /* HomescreenView.swift */; };
		B214DCAE2ABA4D3B0091ABED /* LocationsDataService.swift in Sources */ = {isa = PBXBuildFile; fileRef = B214DCAD2ABA4D3B0091ABED /* LocationsDataService.swift */; };
		B214DCB22ABA4D9A0091ABED /* LocationsView.swift in Sources */ = {isa = PBXBuildFile; fileRef = B214DCB12ABA4D9A0091ABED /* LocationsView.swift */; };
		B214DCB42ABA4DB20091ABED /* LocationMapAnnotionView.swift in Sources */ = {isa = PBXBuildFile; fileRef = B214DCB32ABA4DB20091ABED /* LocationMapAnnotionView.swift */; };
		B214DCB72ABA4E010091ABED /* LocationsViewModel.swift in Sources */ = {isa = PBXBuildFile; fileRef = B214DCB62ABA4E000091ABED /* LocationsViewModel.swift */; };
		B214DCBA2ABA4E2D0091ABED /* Location.swift in Sources */ = {isa = PBXBuildFile; fileRef = B214DCB92ABA4E2D0091ABED /* Location.swift */; };
		B2C568472ABB330B00473232 /* LocationPreviewView.swift in Sources */ = {isa = PBXBuildFile; fileRef = B2C568462ABB330B00473232 /* LocationPreviewView.swift */; };
		B2C568522ABC75EE00473232 /* LocationDetailView.swift in Sources */ = {isa = PBXBuildFile; fileRef = B2C568512ABC75EE00473232 /* LocationDetailView.swift */; };
/* End PBXBuildFile section */

/* Begin PBXContainerItemProxy section */
		49507FF72AAF49480002CB6A /* PBXContainerItemProxy */ = {
			isa = PBXContainerItemProxy;
			containerPortal = 49507FDE2AAF49470002CB6A /* Project object */;
			proxyType = 1;
			remoteGlobalIDString = 49507FE52AAF49470002CB6A;
			remoteInfo = Deleite;
		};
		495080012AAF49480002CB6A /* PBXContainerItemProxy */ = {
			isa = PBXContainerItemProxy;
			containerPortal = 49507FDE2AAF49470002CB6A /* Project object */;
			proxyType = 1;
			remoteGlobalIDString = 49507FE52AAF49470002CB6A;
			remoteInfo = Deleite;
		};
/* End PBXContainerItemProxy section */

/* Begin PBXFileReference section */
		0D0C30E32ABB214300578893 /* TutorialSanitation.swift */ = {isa = PBXFileReference; lastKnownFileType = sourcecode.swift; path = TutorialSanitation.swift; sourceTree = "<group>"; };
		0D0C30E52ABB28C400578893 /* SnapCarousel.swift */ = {isa = PBXFileReference; lastKnownFileType = sourcecode.swift; path = SnapCarousel.swift; sourceTree = "<group>"; };
		0D0C30E72ABB2F7E00578893 /* Post.swift */ = {isa = PBXFileReference; lastKnownFileType = sourcecode.swift; path = Post.swift; sourceTree = "<group>"; };
		0DDBAD092ABC753B00C1EFFD /* Preview Assets.xcassets */ = {isa = PBXFileReference; lastKnownFileType = folder.assetcatalog; path = "Preview Assets.xcassets"; sourceTree = "<group>"; };
		0DDBAD0C2ABC776200C1EFFD /* Assets.xcassets */ = {isa = PBXFileReference; lastKnownFileType = folder.assetcatalog; path = Assets.xcassets; sourceTree = "<group>"; };
		0DDBAD0E2ABC84C800C1EFFD /* TutorialCollect.swift */ = {isa = PBXFileReference; lastKnownFileType = sourcecode.swift; path = TutorialCollect.swift; sourceTree = "<group>"; };
		0DDBAD102ABC883000C1EFFD /* TutorialStorege.swift */ = {isa = PBXFileReference; lastKnownFileType = sourcecode.swift; path = TutorialStorege.swift; sourceTree = "<group>"; };
		0DDD5FB02AAF5D3000450176 /* TutorialView.swift */ = {isa = PBXFileReference; lastKnownFileType = sourcecode.swift; path = TutorialView.swift; sourceTree = "<group>"; };
		0DDD5FB22AB07FD300450176 /* MenuButtonView.swift */ = {isa = PBXFileReference; lastKnownFileType = sourcecode.swift; path = MenuButtonView.swift; sourceTree = "<group>"; };
		49507FE62AAF49470002CB6A /* Deleite.app */ = {isa = PBXFileReference; explicitFileType = wrapper.application; includeInIndex = 0; path = Deleite.app; sourceTree = BUILT_PRODUCTS_DIR; };
		49507FE92AAF49470002CB6A /* DeleiteApp.swift */ = {isa = PBXFileReference; lastKnownFileType = sourcecode.swift; path = DeleiteApp.swift; sourceTree = "<group>"; };
		49507FEB2AAF49470002CB6A /* ContentView.swift */ = {isa = PBXFileReference; lastKnownFileType = sourcecode.swift; path = ContentView.swift; sourceTree = "<group>"; };
		49507FF62AAF49480002CB6A /* DeleiteTests.xctest */ = {isa = PBXFileReference; explicitFileType = wrapper.cfbundle; includeInIndex = 0; path = DeleiteTests.xctest; sourceTree = BUILT_PRODUCTS_DIR; };
		49507FFA2AAF49480002CB6A /* DeleiteTests.swift */ = {isa = PBXFileReference; lastKnownFileType = sourcecode.swift; path = DeleiteTests.swift; sourceTree = "<group>"; };
		495080002AAF49480002CB6A /* DeleiteUITests.xctest */ = {isa = PBXFileReference; explicitFileType = wrapper.cfbundle; includeInIndex = 0; path = DeleiteUITests.xctest; sourceTree = BUILT_PRODUCTS_DIR; };
		495080042AAF49480002CB6A /* DeleiteUITests.swift */ = {isa = PBXFileReference; lastKnownFileType = sourcecode.swift; path = DeleiteUITests.swift; sourceTree = "<group>"; };
		495080062AAF49480002CB6A /* DeleiteUITestsLaunchTests.swift */ = {isa = PBXFileReference; lastKnownFileType = sourcecode.swift; path = DeleiteUITestsLaunchTests.swift; sourceTree = "<group>"; };
		496D7CCF2ABDD87100F6FE75 /* AlertView.swift */ = {isa = PBXFileReference; lastKnownFileType = sourcecode.swift; name = AlertView.swift; path = ../AlertView.swift; sourceTree = "<group>"; };
		49727BE72AB0A43E00C6417A /* SchedulingView.swift */ = {isa = PBXFileReference; lastKnownFileType = sourcecode.swift; path = SchedulingView.swift; sourceTree = "<group>"; };
		49727BEB2AB0A88A00C6417A /* QuestionsView.swift */ = {isa = PBXFileReference; lastKnownFileType = sourcecode.swift; path = QuestionsView.swift; sourceTree = "<group>"; };
		49F5CB292AB88F4A00A35878 /* WebView.swift */ = {isa = PBXFileReference; lastKnownFileType = sourcecode.swift; path = WebView.swift; sourceTree = "<group>"; };
		49F5CB2B2AB8C90E00A35878 /* HomeButton.swift */ = {isa = PBXFileReference; lastKnownFileType = sourcecode.swift; path = HomeButton.swift; sourceTree = "<group>"; };
		49F5CB2D2AB8CAF800A35878 /* HomescreenView.swift */ = {isa = PBXFileReference; lastKnownFileType = sourcecode.swift; path = HomescreenView.swift; sourceTree = "<group>"; };
		B214DCAD2ABA4D3B0091ABED /* LocationsDataService.swift */ = {isa = PBXFileReference; lastKnownFileType = sourcecode.swift; path = LocationsDataService.swift; sourceTree = "<group>"; };
		B214DCB12ABA4D9A0091ABED /* LocationsView.swift */ = {isa = PBXFileReference; lastKnownFileType = sourcecode.swift; path = LocationsView.swift; sourceTree = "<group>"; };
		B214DCB32ABA4DB20091ABED /* LocationMapAnnotionView.swift */ = {isa = PBXFileReference; lastKnownFileType = sourcecode.swift; path = LocationMapAnnotionView.swift; sourceTree = "<group>"; };
		B214DCB62ABA4E000091ABED /* LocationsViewModel.swift */ = {isa = PBXFileReference; lastKnownFileType = sourcecode.swift; path = LocationsViewModel.swift; sourceTree = "<group>"; };
		B214DCB92ABA4E2D0091ABED /* Location.swift */ = {isa = PBXFileReference; lastKnownFileType = sourcecode.swift; path = Location.swift; sourceTree = "<group>"; };
		B2C568462ABB330B00473232 /* LocationPreviewView.swift */ = {isa = PBXFileReference; lastKnownFileType = sourcecode.swift; path = LocationPreviewView.swift; sourceTree = "<group>"; };
		B2C568512ABC75EE00473232 /* LocationDetailView.swift */ = {isa = PBXFileReference; lastKnownFileType = sourcecode.swift; path = LocationDetailView.swift; sourceTree = "<group>"; };
/* End PBXFileReference section */

/* Begin PBXFrameworksBuildPhase section */
		49507FE32AAF49470002CB6A /* Frameworks */ = {
			isa = PBXFrameworksBuildPhase;
			buildActionMask = 2147483647;
			files = (
			);
			runOnlyForDeploymentPostprocessing = 0;
		};
		49507FF32AAF49480002CB6A /* Frameworks */ = {
			isa = PBXFrameworksBuildPhase;
			buildActionMask = 2147483647;
			files = (
			);
			runOnlyForDeploymentPostprocessing = 0;
		};
		49507FFD2AAF49480002CB6A /* Frameworks */ = {
			isa = PBXFrameworksBuildPhase;
			buildActionMask = 2147483647;
			files = (
			);
			runOnlyForDeploymentPostprocessing = 0;
		};
/* End PBXFrameworksBuildPhase section */

/* Begin PBXGroup section */
		0DDBAD0B2ABC754400C1EFFD /* Preview Content */ = {
			isa = PBXGroup;
			children = (
				0DDBAD092ABC753B00C1EFFD /* Preview Assets.xcassets */,
			);
			path = "Preview Content";
			sourceTree = "<group>";
		};
		0DDD5FB42AB092BA00450176 /* Components */ = {
			isa = PBXGroup;
			children = (
				0DDD5FB22AB07FD300450176 /* MenuButtonView.swift */,
				49F5CB2B2AB8C90E00A35878 /* HomeButton.swift */,
				0D0C30E72ABB2F7E00578893 /* Post.swift */,
			);
			path = Components;
			sourceTree = "<group>";
		};
		49507FDD2AAF49470002CB6A = {
			isa = PBXGroup;
			children = (
				49507FE82AAF49470002CB6A /* Deleite */,
				49507FF92AAF49480002CB6A /* DeleiteTests */,
				495080032AAF49480002CB6A /* DeleiteUITests */,
				49507FE72AAF49470002CB6A /* Products */,
			);
			sourceTree = "<group>";
		};
		49507FE72AAF49470002CB6A /* Products */ = {
			isa = PBXGroup;
			children = (
				49507FE62AAF49470002CB6A /* Deleite.app */,
				49507FF62AAF49480002CB6A /* DeleiteTests.xctest */,
				495080002AAF49480002CB6A /* DeleiteUITests.xctest */,
			);
			name = Products;
			sourceTree = "<group>";
		};
		49507FE82AAF49470002CB6A /* Deleite */ = {
			isa = PBXGroup;
			children = (
				0DDBAD0C2ABC776200C1EFFD /* Assets.xcassets */,
				B214DCAC2ABA4D100091ABED /* DataServices */,
				B214DCB82ABA4E170091ABED /* Models */,
				B214DCB52ABA4DD40091ABED /* ViewModels */,
				B214DCB02ABA4D790091ABED /* Views */,
				49507FE92AAF49470002CB6A /* DeleiteApp.swift */,
				49507FEB2AAF49470002CB6A /* ContentView.swift */,
				49F5CB2D2AB8CAF800A35878 /* HomescreenView.swift */,
				49727BEB2AB0A88A00C6417A /* QuestionsView.swift */,
				49727BE72AB0A43E00C6417A /* SchedulingView.swift */,
				49F5CB292AB88F4A00A35878 /* WebView.swift */,
				496D7CCF2ABDD87100F6FE75 /* AlertView.swift */,
				0DDD5FB02AAF5D3000450176 /* TutorialView.swift */,
				0D0C30E32ABB214300578893 /* TutorialSanitation.swift */,
				0DDBAD0E2ABC84C800C1EFFD /* TutorialCollect.swift */,
				0DDBAD102ABC883000C1EFFD /* TutorialStorege.swift */,
				0D0C30E52ABB28C400578893 /* SnapCarousel.swift */,
				0DDD5FB42AB092BA00450176 /* Components */,
				0DDBAD0B2ABC754400C1EFFD /* Preview Content */,
			);
			path = Deleite;
			sourceTree = "<group>";
		};
		49507FF92AAF49480002CB6A /* DeleiteTests */ = {
			isa = PBXGroup;
			children = (
				49507FFA2AAF49480002CB6A /* DeleiteTests.swift */,
			);
			path = DeleiteTests;
			sourceTree = "<group>";
		};
		495080032AAF49480002CB6A /* DeleiteUITests */ = {
			isa = PBXGroup;
			children = (
				495080042AAF49480002CB6A /* DeleiteUITests.swift */,
				495080062AAF49480002CB6A /* DeleiteUITestsLaunchTests.swift */,
			);
			path = DeleiteUITests;
			sourceTree = "<group>";
		};
		B214DCAC2ABA4D100091ABED /* DataServices */ = {
			isa = PBXGroup;
			children = (
				B214DCAD2ABA4D3B0091ABED /* LocationsDataService.swift */,
			);
			path = DataServices;
			sourceTree = "<group>";
		};
		B214DCB02ABA4D790091ABED /* Views */ = {
			isa = PBXGroup;
			children = (
				B214DCB12ABA4D9A0091ABED /* LocationsView.swift */,
				B214DCB32ABA4DB20091ABED /* LocationMapAnnotionView.swift */,
				B2C568462ABB330B00473232 /* LocationPreviewView.swift */,
				B2C568512ABC75EE00473232 /* LocationDetailView.swift */,
			);
			path = Views;
			sourceTree = "<group>";
		};
		B214DCB52ABA4DD40091ABED /* ViewModels */ = {
			isa = PBXGroup;
			children = (
				B214DCB62ABA4E000091ABED /* LocationsViewModel.swift */,
			);
			path = ViewModels;
			sourceTree = "<group>";
		};
		B214DCB82ABA4E170091ABED /* Models */ = {
			isa = PBXGroup;
			children = (
				B214DCB92ABA4E2D0091ABED /* Location.swift */,
			);
			path = Models;
			sourceTree = "<group>";
		};
/* End PBXGroup section */

/* Begin PBXNativeTarget section */
		49507FE52AAF49470002CB6A /* Deleite */ = {
			isa = PBXNativeTarget;
			buildConfigurationList = 4950800A2AAF49480002CB6A /* Build configuration list for PBXNativeTarget "Deleite" */;
			buildPhases = (
				49507FE22AAF49470002CB6A /* Sources */,
				49507FE32AAF49470002CB6A /* Frameworks */,
				49507FE42AAF49470002CB6A /* Resources */,
			);
			buildRules = (
			);
			dependencies = (
			);
			name = Deleite;
			productName = Deleite;
			productReference = 49507FE62AAF49470002CB6A /* Deleite.app */;
			productType = "com.apple.product-type.application";
		};
		49507FF52AAF49480002CB6A /* DeleiteTests */ = {
			isa = PBXNativeTarget;
			buildConfigurationList = 4950800D2AAF49480002CB6A /* Build configuration list for PBXNativeTarget "DeleiteTests" */;
			buildPhases = (
				49507FF22AAF49480002CB6A /* Sources */,
				49507FF32AAF49480002CB6A /* Frameworks */,
				49507FF42AAF49480002CB6A /* Resources */,
			);
			buildRules = (
			);
			dependencies = (
				49507FF82AAF49480002CB6A /* PBXTargetDependency */,
			);
			name = DeleiteTests;
			productName = DeleiteTests;
			productReference = 49507FF62AAF49480002CB6A /* DeleiteTests.xctest */;
			productType = "com.apple.product-type.bundle.unit-test";
		};
		49507FFF2AAF49480002CB6A /* DeleiteUITests */ = {
			isa = PBXNativeTarget;
			buildConfigurationList = 495080102AAF49480002CB6A /* Build configuration list for PBXNativeTarget "DeleiteUITests" */;
			buildPhases = (
				49507FFC2AAF49480002CB6A /* Sources */,
				49507FFD2AAF49480002CB6A /* Frameworks */,
				49507FFE2AAF49480002CB6A /* Resources */,
			);
			buildRules = (
			);
			dependencies = (
				495080022AAF49480002CB6A /* PBXTargetDependency */,
			);
			name = DeleiteUITests;
			productName = DeleiteUITests;
			productReference = 495080002AAF49480002CB6A /* DeleiteUITests.xctest */;
			productType = "com.apple.product-type.bundle.ui-testing";
		};
/* End PBXNativeTarget section */

/* Begin PBXProject section */
		49507FDE2AAF49470002CB6A /* Project object */ = {
			isa = PBXProject;
			attributes = {
				BuildIndependentTargetsInParallel = 1;
				LastSwiftUpdateCheck = 1430;
				LastUpgradeCheck = 1500;
				TargetAttributes = {
					49507FE52AAF49470002CB6A = {
						CreatedOnToolsVersion = 14.3.1;
					};
					49507FF52AAF49480002CB6A = {
						CreatedOnToolsVersion = 14.3.1;
						TestTargetID = 49507FE52AAF49470002CB6A;
					};
					49507FFF2AAF49480002CB6A = {
						CreatedOnToolsVersion = 14.3.1;
						TestTargetID = 49507FE52AAF49470002CB6A;
					};
				};
			};
			buildConfigurationList = 49507FE12AAF49470002CB6A /* Build configuration list for PBXProject "Deleite" */;
			compatibilityVersion = "Xcode 14.0";
			developmentRegion = en;
			hasScannedForEncodings = 0;
			knownRegions = (
				en,
				Base,
			);
			mainGroup = 49507FDD2AAF49470002CB6A;
			productRefGroup = 49507FE72AAF49470002CB6A /* Products */;
			projectDirPath = "";
			projectRoot = "";
			targets = (
				49507FE52AAF49470002CB6A /* Deleite */,
				49507FF52AAF49480002CB6A /* DeleiteTests */,
				49507FFF2AAF49480002CB6A /* DeleiteUITests */,
			);
		};
/* End PBXProject section */

/* Begin PBXResourcesBuildPhase section */
		49507FE42AAF49470002CB6A /* Resources */ = {
			isa = PBXResourcesBuildPhase;
			buildActionMask = 2147483647;
			files = (
				0DDBAD0D2ABC776200C1EFFD /* Assets.xcassets in Resources */,
				0DDBAD0A2ABC753B00C1EFFD /* Preview Assets.xcassets in Resources */,
			);
			runOnlyForDeploymentPostprocessing = 0;
		};
		49507FF42AAF49480002CB6A /* Resources */ = {
			isa = PBXResourcesBuildPhase;
			buildActionMask = 2147483647;
			files = (
			);
			runOnlyForDeploymentPostprocessing = 0;
		};
		49507FFE2AAF49480002CB6A /* Resources */ = {
			isa = PBXResourcesBuildPhase;
			buildActionMask = 2147483647;
			files = (
			);
			runOnlyForDeploymentPostprocessing = 0;
		};
/* End PBXResourcesBuildPhase section */

/* Begin PBXSourcesBuildPhase section */
		49507FE22AAF49470002CB6A /* Sources */ = {
			isa = PBXSourcesBuildPhase;
			buildActionMask = 2147483647;
			files = (
				0DDD5FB32AB07FD300450176 /* MenuButtonView.swift in Sources */,
				49507FEC2AAF49470002CB6A /* ContentView.swift in Sources */,
				49727BE82AB0A43E00C6417A /* SchedulingView.swift in Sources */,
				49727BEC2AB0A88A00C6417A /* QuestionsView.swift in Sources */,
				B2C568472ABB330B00473232 /* LocationPreviewView.swift in Sources */,
				0D0C30E82ABB2F7E00578893 /* Post.swift in Sources */,
				0D0C30E42ABB214300578893 /* TutorialSanitation.swift in Sources */,
				B214DCBA2ABA4E2D0091ABED /* Location.swift in Sources */,
				49507FEA2AAF49470002CB6A /* DeleiteApp.swift in Sources */,
				0DDBAD0F2ABC84C800C1EFFD /* TutorialCollect.swift in Sources */,
				B214DCB42ABA4DB20091ABED /* LocationMapAnnotionView.swift in Sources */,
				B214DCAE2ABA4D3B0091ABED /* LocationsDataService.swift in Sources */,
				49F5CB2A2AB88F4A00A35878 /* WebView.swift in Sources */,
				0DDD5FB12AAF5D3000450176 /* TutorialView.swift in Sources */,
				B214DCB72ABA4E010091ABED /* LocationsViewModel.swift in Sources */,
				0DDBAD112ABC883000C1EFFD /* TutorialStorege.swift in Sources */,
				49F5CB2C2AB8C90E00A35878 /* HomeButton.swift in Sources */,
				496D7CD02ABDD87100F6FE75 /* AlertView.swift in Sources */,
				B2C568522ABC75EE00473232 /* LocationDetailView.swift in Sources */,
				49F5CB2E2AB8CAF800A35878 /* HomescreenView.swift in Sources */,
				B214DCB22ABA4D9A0091ABED /* LocationsView.swift in Sources */,
				0D0C30E62ABB28C400578893 /* SnapCarousel.swift in Sources */,
			);
			runOnlyForDeploymentPostprocessing = 0;
		};
		49507FF22AAF49480002CB6A /* Sources */ = {
			isa = PBXSourcesBuildPhase;
			buildActionMask = 2147483647;
			files = (
				49507FFB2AAF49480002CB6A /* DeleiteTests.swift in Sources */,
			);
			runOnlyForDeploymentPostprocessing = 0;
		};
		49507FFC2AAF49480002CB6A /* Sources */ = {
			isa = PBXSourcesBuildPhase;
			buildActionMask = 2147483647;
			files = (
				495080052AAF49480002CB6A /* DeleiteUITests.swift in Sources */,
				495080072AAF49480002CB6A /* DeleiteUITestsLaunchTests.swift in Sources */,
			);
			runOnlyForDeploymentPostprocessing = 0;
		};
/* End PBXSourcesBuildPhase section */

/* Begin PBXTargetDependency section */
		49507FF82AAF49480002CB6A /* PBXTargetDependency */ = {
			isa = PBXTargetDependency;
			target = 49507FE52AAF49470002CB6A /* Deleite */;
			targetProxy = 49507FF72AAF49480002CB6A /* PBXContainerItemProxy */;
		};
		495080022AAF49480002CB6A /* PBXTargetDependency */ = {
			isa = PBXTargetDependency;
			target = 49507FE52AAF49470002CB6A /* Deleite */;
			targetProxy = 495080012AAF49480002CB6A /* PBXContainerItemProxy */;
		};
/* End PBXTargetDependency section */

/* Begin XCBuildConfiguration section */
		495080082AAF49480002CB6A /* Debug */ = {
			isa = XCBuildConfiguration;
			buildSettings = {
				ALWAYS_SEARCH_USER_PATHS = NO;
				CLANG_ANALYZER_NONNULL = YES;
				CLANG_ANALYZER_NUMBER_OBJECT_CONVERSION = YES_AGGRESSIVE;
				CLANG_CXX_LANGUAGE_STANDARD = "gnu++20";
				CLANG_ENABLE_MODULES = YES;
				CLANG_ENABLE_OBJC_ARC = YES;
				CLANG_ENABLE_OBJC_WEAK = YES;
				CLANG_WARN_BLOCK_CAPTURE_AUTORELEASING = YES;
				CLANG_WARN_BOOL_CONVERSION = YES;
				CLANG_WARN_COMMA = YES;
				CLANG_WARN_CONSTANT_CONVERSION = YES;
				CLANG_WARN_DEPRECATED_OBJC_IMPLEMENTATIONS = YES;
				CLANG_WARN_DIRECT_OBJC_ISA_USAGE = YES_ERROR;
				CLANG_WARN_DOCUMENTATION_COMMENTS = YES;
				CLANG_WARN_EMPTY_BODY = YES;
				CLANG_WARN_ENUM_CONVERSION = YES;
				CLANG_WARN_INFINITE_RECURSION = YES;
				CLANG_WARN_INT_CONVERSION = YES;
				CLANG_WARN_NON_LITERAL_NULL_CONVERSION = YES;
				CLANG_WARN_OBJC_IMPLICIT_RETAIN_SELF = YES;
				CLANG_WARN_OBJC_LITERAL_CONVERSION = YES;
				CLANG_WARN_OBJC_ROOT_CLASS = YES_ERROR;
				CLANG_WARN_QUOTED_INCLUDE_IN_FRAMEWORK_HEADER = YES;
				CLANG_WARN_RANGE_LOOP_ANALYSIS = YES;
				CLANG_WARN_STRICT_PROTOTYPES = YES;
				CLANG_WARN_SUSPICIOUS_MOVE = YES;
				CLANG_WARN_UNGUARDED_AVAILABILITY = YES_AGGRESSIVE;
				CLANG_WARN_UNREACHABLE_CODE = YES;
				CLANG_WARN__DUPLICATE_METHOD_MATCH = YES;
				COPY_PHASE_STRIP = NO;
				DEBUG_INFORMATION_FORMAT = dwarf;
				ENABLE_STRICT_OBJC_MSGSEND = YES;
				ENABLE_TESTABILITY = YES;
				ENABLE_USER_SCRIPT_SANDBOXING = YES;
				GCC_C_LANGUAGE_STANDARD = gnu11;
				GCC_DYNAMIC_NO_PIC = NO;
				GCC_NO_COMMON_BLOCKS = YES;
				GCC_OPTIMIZATION_LEVEL = 0;
				GCC_PREPROCESSOR_DEFINITIONS = (
					"DEBUG=1",
					"$(inherited)",
				);
				GCC_WARN_64_TO_32_BIT_CONVERSION = YES;
				GCC_WARN_ABOUT_RETURN_TYPE = YES_ERROR;
				GCC_WARN_UNDECLARED_SELECTOR = YES;
				GCC_WARN_UNINITIALIZED_AUTOS = YES_AGGRESSIVE;
				GCC_WARN_UNUSED_FUNCTION = YES;
				GCC_WARN_UNUSED_VARIABLE = YES;
				IPHONEOS_DEPLOYMENT_TARGET = 16.4;
				MTL_ENABLE_DEBUG_INFO = INCLUDE_SOURCE;
				MTL_FAST_MATH = YES;
				ONLY_ACTIVE_ARCH = YES;
				SDKROOT = iphoneos;
				SWIFT_ACTIVE_COMPILATION_CONDITIONS = DEBUG;
				SWIFT_OPTIMIZATION_LEVEL = "-Onone";
			};
			name = Debug;
		};
		495080092AAF49480002CB6A /* Release */ = {
			isa = XCBuildConfiguration;
			buildSettings = {
				ALWAYS_SEARCH_USER_PATHS = NO;
				CLANG_ANALYZER_NONNULL = YES;
				CLANG_ANALYZER_NUMBER_OBJECT_CONVERSION = YES_AGGRESSIVE;
				CLANG_CXX_LANGUAGE_STANDARD = "gnu++20";
				CLANG_ENABLE_MODULES = YES;
				CLANG_ENABLE_OBJC_ARC = YES;
				CLANG_ENABLE_OBJC_WEAK = YES;
				CLANG_WARN_BLOCK_CAPTURE_AUTORELEASING = YES;
				CLANG_WARN_BOOL_CONVERSION = YES;
				CLANG_WARN_COMMA = YES;
				CLANG_WARN_CONSTANT_CONVERSION = YES;
				CLANG_WARN_DEPRECATED_OBJC_IMPLEMENTATIONS = YES;
				CLANG_WARN_DIRECT_OBJC_ISA_USAGE = YES_ERROR;
				CLANG_WARN_DOCUMENTATION_COMMENTS = YES;
				CLANG_WARN_EMPTY_BODY = YES;
				CLANG_WARN_ENUM_CONVERSION = YES;
				CLANG_WARN_INFINITE_RECURSION = YES;
				CLANG_WARN_INT_CONVERSION = YES;
				CLANG_WARN_NON_LITERAL_NULL_CONVERSION = YES;
				CLANG_WARN_OBJC_IMPLICIT_RETAIN_SELF = YES;
				CLANG_WARN_OBJC_LITERAL_CONVERSION = YES;
				CLANG_WARN_OBJC_ROOT_CLASS = YES_ERROR;
				CLANG_WARN_QUOTED_INCLUDE_IN_FRAMEWORK_HEADER = YES;
				CLANG_WARN_RANGE_LOOP_ANALYSIS = YES;
				CLANG_WARN_STRICT_PROTOTYPES = YES;
				CLANG_WARN_SUSPICIOUS_MOVE = YES;
				CLANG_WARN_UNGUARDED_AVAILABILITY = YES_AGGRESSIVE;
				CLANG_WARN_UNREACHABLE_CODE = YES;
				CLANG_WARN__DUPLICATE_METHOD_MATCH = YES;
				COPY_PHASE_STRIP = NO;
				DEBUG_INFORMATION_FORMAT = "dwarf-with-dsym";
				ENABLE_NS_ASSERTIONS = NO;
				ENABLE_STRICT_OBJC_MSGSEND = YES;
				ENABLE_USER_SCRIPT_SANDBOXING = YES;
				GCC_C_LANGUAGE_STANDARD = gnu11;
				GCC_NO_COMMON_BLOCKS = YES;
				GCC_WARN_64_TO_32_BIT_CONVERSION = YES;
				GCC_WARN_ABOUT_RETURN_TYPE = YES_ERROR;
				GCC_WARN_UNDECLARED_SELECTOR = YES;
				GCC_WARN_UNINITIALIZED_AUTOS = YES_AGGRESSIVE;
				GCC_WARN_UNUSED_FUNCTION = YES;
				GCC_WARN_UNUSED_VARIABLE = YES;
				IPHONEOS_DEPLOYMENT_TARGET = 16.4;
				MTL_ENABLE_DEBUG_INFO = NO;
				MTL_FAST_MATH = YES;
				SDKROOT = iphoneos;
				SWIFT_COMPILATION_MODE = wholemodule;
				SWIFT_OPTIMIZATION_LEVEL = "-O";
				VALIDATE_PRODUCT = YES;
			};
			name = Release;
		};
		4950800B2AAF49480002CB6A /* Debug */ = {
			isa = XCBuildConfiguration;
			buildSettings = {
				ASSETCATALOG_COMPILER_APPICON_NAME = AppIcon;
				ASSETCATALOG_COMPILER_GLOBAL_ACCENT_COLOR_NAME = AccentColor;
				ASSETCATALOG_COMPILER_INCLUDE_ALL_APPICON_ASSETS = NO;
				CODE_SIGN_STYLE = Automatic;
				CURRENT_PROJECT_VERSION = 1;
				DEVELOPMENT_ASSET_PATHS = "\"Deleite/Preview Content\"";
				DEVELOPMENT_TEAM = 3S22856DS9;
				ENABLE_PREVIEWS = YES;
				GENERATE_INFOPLIST_FILE = YES;
				INFOPLIST_KEY_UIApplicationSceneManifest_Generation = YES;
				INFOPLIST_KEY_UIApplicationSupportsIndirectInputEvents = YES;
				INFOPLIST_KEY_UILaunchScreen_Generation = YES;
				INFOPLIST_KEY_UISupportedInterfaceOrientations_iPad = "UIInterfaceOrientationPortrait UIInterfaceOrientationPortraitUpsideDown UIInterfaceOrientationLandscapeLeft UIInterfaceOrientationLandscapeRight";
				INFOPLIST_KEY_UISupportedInterfaceOrientations_iPhone = "UIInterfaceOrientationPortrait UIInterfaceOrientationLandscapeLeft UIInterfaceOrientationLandscapeRight";
				IPHONEOS_DEPLOYMENT_TARGET = 15.0;
				LD_RUNPATH_SEARCH_PATHS = (
					"$(inherited)",
					"@executable_path/Frameworks",
				);
				MARKETING_VERSION = 1.0;
				PRODUCT_BUNDLE_IDENTIFIER = swift.Deleite;
				PRODUCT_NAME = "$(TARGET_NAME)";
				SWIFT_EMIT_LOC_STRINGS = YES;
				SWIFT_VERSION = 5.0;
				TARGETED_DEVICE_FAMILY = "1,2";
			};
			name = Debug;
		};
		4950800C2AAF49480002CB6A /* Release */ = {
			isa = XCBuildConfiguration;
			buildSettings = {
				ASSETCATALOG_COMPILER_APPICON_NAME = AppIcon;
				ASSETCATALOG_COMPILER_GLOBAL_ACCENT_COLOR_NAME = AccentColor;
				ASSETCATALOG_COMPILER_INCLUDE_ALL_APPICON_ASSETS = NO;
				CODE_SIGN_STYLE = Automatic;
				CURRENT_PROJECT_VERSION = 1;
				DEVELOPMENT_ASSET_PATHS = "\"Deleite/Preview Content\"";
				DEVELOPMENT_TEAM = 3S22856DS9;
				ENABLE_PREVIEWS = YES;
				GENERATE_INFOPLIST_FILE = YES;
				INFOPLIST_KEY_UIApplicationSceneManifest_Generation = YES;
				INFOPLIST_KEY_UIApplicationSupportsIndirectInputEvents = YES;
				INFOPLIST_KEY_UILaunchScreen_Generation = YES;
				INFOPLIST_KEY_UISupportedInterfaceOrientations_iPad = "UIInterfaceOrientationPortrait UIInterfaceOrientationPortraitUpsideDown UIInterfaceOrientationLandscapeLeft UIInterfaceOrientationLandscapeRight";
				INFOPLIST_KEY_UISupportedInterfaceOrientations_iPhone = "UIInterfaceOrientationPortrait UIInterfaceOrientationLandscapeLeft UIInterfaceOrientationLandscapeRight";
				IPHONEOS_DEPLOYMENT_TARGET = 15.0;
				LD_RUNPATH_SEARCH_PATHS = (
					"$(inherited)",
					"@executable_path/Frameworks",
				);
				MARKETING_VERSION = 1.0;
				PRODUCT_BUNDLE_IDENTIFIER = swift.Deleite;
				PRODUCT_NAME = "$(TARGET_NAME)";
				SWIFT_EMIT_LOC_STRINGS = YES;
				SWIFT_VERSION = 5.0;
				TARGETED_DEVICE_FAMILY = "1,2";
			};
			name = Release;
		};
		4950800E2AAF49480002CB6A /* Debug */ = {
			isa = XCBuildConfiguration;
			buildSettings = {
				ALWAYS_EMBED_SWIFT_STANDARD_LIBRARIES = YES;
				BUNDLE_LOADER = "$(TEST_HOST)";
				CODE_SIGN_STYLE = Automatic;
				CURRENT_PROJECT_VERSION = 1;
				DEVELOPMENT_TEAM = 3S22856DS9;
				GENERATE_INFOPLIST_FILE = YES;
				IPHONEOS_DEPLOYMENT_TARGET = 15.0;
				MARKETING_VERSION = 1.0;
				PRODUCT_BUNDLE_IDENTIFIER = swift.DeleiteTests;
				PRODUCT_NAME = "$(TARGET_NAME)";
				SWIFT_EMIT_LOC_STRINGS = NO;
				SWIFT_VERSION = 5.0;
				TARGETED_DEVICE_FAMILY = "1,2";
				TEST_HOST = "$(BUILT_PRODUCTS_DIR)/Deleite.app/$(BUNDLE_EXECUTABLE_FOLDER_PATH)/Deleite";
			};
			name = Debug;
		};
		4950800F2AAF49480002CB6A /* Release */ = {
			isa = XCBuildConfiguration;
			buildSettings = {
				ALWAYS_EMBED_SWIFT_STANDARD_LIBRARIES = YES;
				BUNDLE_LOADER = "$(TEST_HOST)";
				CODE_SIGN_STYLE = Automatic;
				CURRENT_PROJECT_VERSION = 1;
				DEVELOPMENT_TEAM = 3S22856DS9;
				GENERATE_INFOPLIST_FILE = YES;
				IPHONEOS_DEPLOYMENT_TARGET = 15.0;
				MARKETING_VERSION = 1.0;
				PRODUCT_BUNDLE_IDENTIFIER = swift.DeleiteTests;
				PRODUCT_NAME = "$(TARGET_NAME)";
				SWIFT_EMIT_LOC_STRINGS = NO;
				SWIFT_VERSION = 5.0;
				TARGETED_DEVICE_FAMILY = "1,2";
				TEST_HOST = "$(BUILT_PRODUCTS_DIR)/Deleite.app/$(BUNDLE_EXECUTABLE_FOLDER_PATH)/Deleite";
			};
			name = Release;
		};
		495080112AAF49480002CB6A /* Debug */ = {
			isa = XCBuildConfiguration;
			buildSettings = {
				ALWAYS_EMBED_SWIFT_STANDARD_LIBRARIES = YES;
				CODE_SIGN_STYLE = Automatic;
				CURRENT_PROJECT_VERSION = 1;
				DEVELOPMENT_TEAM = 3S22856DS9;
				GENERATE_INFOPLIST_FILE = YES;
				IPHONEOS_DEPLOYMENT_TARGET = 15.0;
				MARKETING_VERSION = 1.0;
				PRODUCT_BUNDLE_IDENTIFIER = swift.DeleiteUITests;
				PRODUCT_NAME = "$(TARGET_NAME)";
				SWIFT_EMIT_LOC_STRINGS = NO;
				SWIFT_VERSION = 5.0;
				TARGETED_DEVICE_FAMILY = "1,2";
				TEST_TARGET_NAME = Deleite;
			};
			name = Debug;
		};
		495080122AAF49480002CB6A /* Release */ = {
			isa = XCBuildConfiguration;
			buildSettings = {
				ALWAYS_EMBED_SWIFT_STANDARD_LIBRARIES = YES;
				CODE_SIGN_STYLE = Automatic;
				CURRENT_PROJECT_VERSION = 1;
				DEVELOPMENT_TEAM = 3S22856DS9;
				GENERATE_INFOPLIST_FILE = YES;
				IPHONEOS_DEPLOYMENT_TARGET = 15.0;
				MARKETING_VERSION = 1.0;
				PRODUCT_BUNDLE_IDENTIFIER = swift.DeleiteUITests;
				PRODUCT_NAME = "$(TARGET_NAME)";
				SWIFT_EMIT_LOC_STRINGS = NO;
				SWIFT_VERSION = 5.0;
				TARGETED_DEVICE_FAMILY = "1,2";
				TEST_TARGET_NAME = Deleite;
			};
			name = Release;
		};
/* End XCBuildConfiguration section */

/* Begin XCConfigurationList section */
		49507FE12AAF49470002CB6A /* Build configuration list for PBXProject "Deleite" */ = {
			isa = XCConfigurationList;
			buildConfigurations = (
				495080082AAF49480002CB6A /* Debug */,
				495080092AAF49480002CB6A /* Release */,
			);
			defaultConfigurationIsVisible = 0;
			defaultConfigurationName = Release;
		};
		4950800A2AAF49480002CB6A /* Build configuration list for PBXNativeTarget "Deleite" */ = {
			isa = XCConfigurationList;
			buildConfigurations = (
				4950800B2AAF49480002CB6A /* Debug */,
				4950800C2AAF49480002CB6A /* Release */,
			);
			defaultConfigurationIsVisible = 0;
			defaultConfigurationName = Release;
		};
		4950800D2AAF49480002CB6A /* Build configuration list for PBXNativeTarget "DeleiteTests" */ = {
			isa = XCConfigurationList;
			buildConfigurations = (
				4950800E2AAF49480002CB6A /* Debug */,
				4950800F2AAF49480002CB6A /* Release */,
			);
			defaultConfigurationIsVisible = 0;
			defaultConfigurationName = Release;
		};
		495080102AAF49480002CB6A /* Build configuration list for PBXNativeTarget "DeleiteUITests" */ = {
			isa = XCConfigurationList;
			buildConfigurations = (
				495080112AAF49480002CB6A /* Debug */,
				495080122AAF49480002CB6A /* Release */,
			);
			defaultConfigurationIsVisible = 0;
			defaultConfigurationName = Release;
		};
/* End XCConfigurationList section */
	};
	rootObject = 49507FDE2AAF49470002CB6A /* Project object */;
}
